lockfileVersion: '6.1'

settings:
  autoInstallPeers: true
  excludeLinksFromLockfile: false

dependencies:
  aws-cli-js:
    specifier: ^2.0.6
    version: 2.0.6
  aws-iot-device-sdk:
    specifier: ^2.2.1
    version: 2.2.1

packages:

  /async-limiter@1.0.1:
    resolution: {integrity: sha512-csOlWGAcRFJaI6m+F2WKdnMKr4HhdhFVBk0H/QbJFMCr+uO2kwohwXQPxw/9OCxp05r5ghVBFSyioixx3gfkNQ==}
    dev: false

  /aws-cli-js@2.0.6:
    resolution: {integrity: sha512-fxNyextpwSdVq0fRDrsjD+OX28aZFbBbqIEjft2ef77OnmOlNMsSHZyGkxBQJozGB2EWdKX4kM5yn+9yPZLxBQ==}
    dependencies:
      lodash: 4.17.15
      nodeify-ts: 1.0.6
    dev: false

  /aws-iot-device-sdk@2.2.1:
    resolution: {integrity: sha512-/h83ow6s5+04MESoA7QJB71CcrcQTcpgtEgxeacUSNQkWVwI+rX5nvENofRiFcq04fueuK89IIIX2RHCJMCzCg==}
    engines: {node: '>=4.0.0'}
    dependencies:
      crypto-js: 3.1.6
      minimist: 1.2.0
      mqtt: 2.15.1
      websocket-stream: 5.5.2
    transitivePeerDependencies:
      - bufferutil
      - utf-8-validate
    dev: false

  /balanced-match@1.0.2:
    resolution: {integrity: sha512-3oSeUO0TMV67hN1AmbXsK4yaqU7tjiHlbxRDZOpH0KW9+CeX4bRAaX0Anxt0tx2MrpRpWwQaPwIlISEJhYU5Pw==}
    dev: false

  /bl@1.2.3:
    resolution: {integrity: sha512-pvcNpa0UU69UT341rO6AYy4FVAIkUHuZXRIWbq+zHnsVcRzDDjIAhGuuYoi0d//cwIwtt4pkpKycWEfjdV+vww==}
    dependencies:
      readable-stream: 2.3.8
      safe-buffer: 5.2.1
    dev: false

  /brace-expansion@1.1.11:
    resolution: {integrity: sha512-iCuPHDFgrHX7H2vEI/5xpz07zSHB00TpugqhmYtVmMO6518mCuRMoOYFldEBl0g187ufozdaHgWKcYFb61qGiA==}
    dependencies:
      balanced-match: 1.0.2
      concat-map: 0.0.1
    dev: false

  /buffer-from@1.1.2:
    resolution: {integrity: sha512-E+XQCRwSbaaiChtv6k6Dwgc+bx+Bs6vuKJHHl5kox/BaKbhiXzqQOwK4cO22yElGp2OCmjwVhT3HmxgyPGnJfQ==}
    dev: false

  /callback-stream@1.1.0:
    resolution: {integrity: sha512-sAZ9kODla+mGACBZ1IpTCAisKoGnv6PykW7fPk1LrM+mMepE18Yz0515yoVcrZy7dQsTUp3uZLQ/9Sx1RnLoHw==}
    dependencies:
      inherits: 2.0.4
      readable-stream: 2.3.8
    dev: false

  /commist@1.1.0:
    resolution: {integrity: sha512-rraC8NXWOEjhADbZe9QBNzLAN5Q3fsTPQtBV+fEVj6xKIgDgNiEVE6ZNfHpZOqfQ21YUzfVNUXLOEZquYvQPPg==}
    dependencies:
      leven: 2.1.0
      minimist: 1.2.0
    dev: false

  /concat-map@0.0.1:
    resolution: {integrity: sha512-/Srv4dswyQNBfohGpz9o6Yb3Gz3SrUDqBH5rTuhGR7ahtlbYKnVxw2bCFMRljaA7EXHaXZ8wsHdodFvbkhKmqg==}
    dev: false

  /concat-stream@1.6.2:
    resolution: {integrity: sha512-27HBghJxjiZtIk3Ycvn/4kbJk/1uZuJFfuPEns6LaEvpvG1f0hTea8lilrouyo9mVc2GWdcEZ8OLoGmSADlrCw==}
    engines: {'0': node >= 0.8}
    dependencies:
      buffer-from: 1.1.2
      inherits: 2.0.4
      readable-stream: 2.3.8
      typedarray: 0.0.6
    dev: false

  /core-util-is@1.0.3:
    resolution: {integrity: sha512-ZQBvi1DcpJ4GDqanjucZ2Hj3wEO5pZDS89BWbkcrvdxksJorwUDDZamX9ldFkp9aw2lmBDLgkObEA4DWNJ9FYQ==}
    dev: false

  /crypto-js@3.1.6:
    resolution: {integrity: sha512-bUIpkL7AVHTH8341o+F2RwNjM3UbH8Yp01fOGXp3kS5Ra+v/G0bIYYOOexA15uGwn6Bim4KxPXpFULpUMxJrkg==}
    dev: false

  /duplexify@3.7.1:
    resolution: {integrity: sha512-07z8uv2wMyS51kKhD1KsdXJg5WQ6t93RneqRxUHnskXVtlYYkLqM0gqStQZ3pj073g687jPCHrqNfCzawLYh5g==}
    dependencies:
      end-of-stream: 1.4.4
      inherits: 2.0.4
      readable-stream: 2.3.8
      stream-shift: 1.0.3
    dev: false

  /duplexify@4.1.3:
    resolution: {integrity: sha512-M3BmBhwJRZsSx38lZyhE53Csddgzl5R7xGJNk7CVddZD6CcmwMCH8J+7AprIrQKH7TonKxaCjcv27Qmf+sQ+oA==}
    dependencies:
      end-of-stream: 1.4.4
      inherits: 2.0.4
      readable-stream: 3.6.2
      stream-shift: 1.0.3
    dev: false

  /end-of-stream@1.4.4:
    resolution: {integrity: sha512-+uw1inIHVPQoaVuHzRyXd21icM+cnt4CzD5rW+NC1wjOUSTOs+Te7FOv7AhN7vS9x/oIyhLP5PR1H+phQAHu5Q==}
    dependencies:
      once: 1.4.0
    dev: false

  /extend@3.0.2:
    resolution: {integrity: sha512-fjquC59cD7CyW6urNXK0FBufkZcoiGG80wTuPujX590cB5Ttln20E2UB4S/WARVqhXffZl2LNgS+gQdPIIim/g==}
    dev: false

  /fs.realpath@1.0.0:
    resolution: {integrity: sha512-OO0pH2lK6a0hZnAdau5ItzHPI6pUlvI7jMVnxUQRtw4owF2wk8lOSabtGDCTP4Ggrg2MbGnWO9X8K1t4+fGMDw==}
    dev: false

  /glob-parent@3.1.0:
    resolution: {integrity: sha512-E8Ak/2+dZY6fnzlR7+ueWvhsH1SjHr4jjss4YS/h4py44jY9MhK/VFdaZJAWDz6BbL21KeteKxFSFpq8OS5gVA==}
    dependencies:
      is-glob: 3.1.0
      path-dirname: 1.0.2
    dev: false

  /glob-stream@6.1.0:
    resolution: {integrity: sha512-uMbLGAP3S2aDOHUDfdoYcdIePUCfysbAd0IAoWVZbeGU/oNQ8asHVSshLDJUPWxfzj8zsCG7/XeHPHTtow0nsw==}
    engines: {node: '>= 0.10'}
    dependencies:
      extend: 3.0.2
      glob: 7.2.3
      glob-parent: 3.1.0
      is-negated-glob: 1.0.0
      ordered-read-streams: 1.0.1
      pumpify: 1.5.1
      readable-stream: 2.3.8
      remove-trailing-separator: 1.1.0
      to-absolute-glob: 2.0.2
      unique-stream: 2.3.1
    dev: false

  /glob@7.2.3:
    resolution: {integrity: sha512-nFR0zLpU2YCaRxwoCJvL6UvCH2JFyFVIvwTLsIf21AuHlMskA1hhTdk+LlYJtOlYt9v6dvszD2BGRqBL+iQK9Q==}
    deprecated: Glob versions prior to v9 are no longer supported
    dependencies:
      fs.realpath: 1.0.0
      inflight: 1.0.6
      inherits: 2.0.4
      minimatch: 3.1.2
      once: 1.4.0
      path-is-absolute: 1.0.1
    dev: false

  /help-me@1.1.0:
    resolution: {integrity: sha512-P/IZ8yOMne3SCTHbVY429NZ67B/2bVQlcYGZh2iPPbdLrEQ/qY5aGChn0YTDmt7Sb4IKRI51fypItav+lNl76w==}
    dependencies:
      callback-stream: 1.1.0
      glob-stream: 6.1.0
      through2: 2.0.5
      xtend: 4.0.2
    dev: false

  /inflight@1.0.6:
    resolution: {integrity: sha512-k92I/b08q4wvFscXCLvqfsHCrjrF7yiXsQuIVvVE7N82W3+aqpzuUdBbfhWcy/FZR3/4IgflMgKLOsvPDrGCJA==}
    deprecated: This module is not supported, and leaks memory. Do not use it. Check out lru-cache if you want a good and tested way to coalesce async requests by a key value, which is much more comprehensive and powerful.
    dependencies:
      once: 1.4.0
      wrappy: 1.0.2
    dev: false

  /inherits@2.0.4:
    resolution: {integrity: sha512-k/vGaX4/Yla3WzyMCvTQOXYeIHvqOKtnqBduzTHpzpQZzAskKMhZ2K+EnBiSM9zGSoIFeMpXKxa4dYeZIQqewQ==}
    dev: false

  /is-absolute@1.0.0:
    resolution: {integrity: sha512-dOWoqflvcydARa360Gvv18DZ/gRuHKi2NU/wU5X1ZFzdYfH29nkiNZsF3mp4OJ3H4yo9Mx8A/uAGNzpzPN3yBA==}
    engines: {node: '>=0.10.0'}
    dependencies:
      is-relative: 1.0.0
      is-windows: 1.0.2
    dev: false

  /is-extglob@2.1.1:
    resolution: {integrity: sha512-SbKbANkN603Vi4jEZv49LeVJMn4yGwsbzZworEoyEiutsN3nJYdbO36zfhGJ6QEDpOZIFkDtnq5JRxmvl3jsoQ==}
    engines: {node: '>=0.10.0'}
    dev: false

  /is-glob@3.1.0:
    resolution: {integrity: sha512-UFpDDrPgM6qpnFNI+rh/p3bUaq9hKLZN8bMUWzxmcnZVS3omf4IPK+BrewlnWjO1WmUsMYuSjKh4UJuV4+Lqmw==}
    engines: {node: '>=0.10.0'}
    dependencies:
      is-extglob: 2.1.1
    dev: false

  /is-negated-glob@1.0.0:
    resolution: {integrity: sha512-czXVVn/QEmgvej1f50BZ648vUI+em0xqMq2Sn+QncCLN4zj1UAxlT+kw/6ggQTOaZPd1HqKQGEqbpQVtJucWug==}
    engines: {node: '>=0.10.0'}
    dev: false

  /is-relative@1.0.0:
    resolution: {integrity: sha512-Kw/ReK0iqwKeu0MITLFuj0jbPAmEiOsIwyIXvvbfa6QfmN9pkD1M+8pdk7Rl/dTKbH34/XBFMbgD4iMJhLQbGA==}
    engines: {node: '>=0.10.0'}
    dependencies:
      is-unc-path: 1.0.0
    dev: false

  /is-unc-path@1.0.0:
    resolution: {integrity: sha512-mrGpVd0fs7WWLfVsStvgF6iEJnbjDFZh9/emhRDcGWTduTfNHd9CHeUwH3gYIjdbwo4On6hunkztwOaAw0yllQ==}
    engines: {node: '>=0.10.0'}
    dependencies:
      unc-path-regex: 0.1.2
    dev: false

  /is-windows@1.0.2:
    resolution: {integrity: sha512-eXK1UInq2bPmjyX6e3VHIzMLobc4J94i4AWn+Hpq3OU5KkrRC96OAcR3PRJ/pGu6m8TRnBHP9dkXQVsT/COVIA==}
    engines: {node: '>=0.10.0'}
    dev: false

  /isarray@1.0.0:
    resolution: {integrity: sha512-VLghIWNM6ELQzo7zwmcg0NmTVyWKYjvIeM83yjp0wRDTmUnrM678fQbcKBo6n2CJEF0szoG//ytg+TKla89ALQ==}
    dev: false

  /json-stable-stringify-without-jsonify@1.0.1:
    resolution: {integrity: sha512-Bdboy+l7tA3OGW6FjyFHWkP5LuByj1Tk33Ljyq0axyzdk9//JSi2u3fP1QSmd1KNwq6VOKYGlAu87CisVir6Pw==}
    dev: false

  /leven@2.1.0:
    resolution: {integrity: sha512-nvVPLpIHUxCUoRLrFqTgSxXJ614d8AgQoWl7zPe/2VadE8+1dpU3LBhowRuBAcuwruWtOdD8oYC9jDNJjXDPyA==}
    engines: {node: '>=0.10.0'}
    dev: false

  /lodash@4.17.15:
    resolution: {integrity: sha512-8xOcRHvCjnocdS5cpwXQXVzmmh5e5+saE2QGoeQmbKmRS6J3VQppPOIt0MnmE+4xlZoumy0GPG0D0MVIQbNA1A==}
    dev: false

  /minimatch@3.1.2:
    resolution: {integrity: sha512-J7p63hRiAjw1NDEww1W7i37+ByIrOWO5XQQAzZ3VOcL0PNybwpfmV/N05zFAzwQ9USyEcX6t3UO+K5aqBQOIHw==}
    dependencies:
      brace-expansion: 1.1.11
    dev: false

  /minimist@1.2.0:
    resolution: {integrity: sha512-7Wl+Jz+IGWuSdgsQEJ4JunV0si/iMhg42MnQQG6h1R6TNeVenp4U9x5CC5v/gYqz/fENLQITAWXidNtVL0NNbw==}
    dev: false

  /mqtt-packet@5.6.1:
    resolution: {integrity: sha512-eaF9rO2uFrIYEHomJxziuKTDkbWW5psLBaIGCazQSKqYsTaB3n4SpvJ1PexKaDBiPnMLPIFWBIiTYT3IfEJfww==}
    dependencies:
      bl: 1.2.3
      inherits: 2.0.4
      process-nextick-args: 2.0.1
      safe-buffer: 5.2.1
    dev: false

  /mqtt@2.15.1:
    resolution: {integrity: sha512-wcU1Ec/PqdgmWZ8InKd9298UlHbsL4ujnUdkkN1JIee0HI1Qe+JvZhO66qCYQKEH+U2XsJMcr9GncQPKUEfmRw==}
    engines: {node: '>=4.0.0'}
    hasBin: true
    dependencies:
      commist: 1.1.0
      concat-stream: 1.6.2
      duplexify: 4.1.3
      end-of-stream: 1.4.4
      help-me: 1.1.0
      inherits: 2.0.4
      minimist: 1.2.0
      mqtt-packet: 5.6.1
      pump: 2.0.1
      readable-stream: 2.3.8
      reinterval: 1.1.0
      split2: 2.2.0
      websocket-stream: 5.5.2
      xtend: 4.0.2
    transitivePeerDependencies:
      - bufferutil
      - utf-8-validate
    dev: false

  /nodeify-ts@1.0.6:
    resolution: {integrity: sha512-jq+8sqVG1aLqy5maMTceL8NUJ1CvarWztlxvrYh3G0aao9BsVeoVmVedUnrUSBLetP7oLIAJrPrw4+iIo7v3GA==}
    dev: false

  /once@1.4.0:
    resolution: {integrity: sha512-lNaJgI+2Q5URQBkccEKHTQOPaXdUxnZZElQTZY0MFUAuaEqe1E+Nyvgdz/aIyNi6Z9MzO5dv1H8n58/GELp3+w==}
    dependencies:
      wrappy: 1.0.2
    dev: false

  /ordered-read-streams@1.0.1:
    resolution: {integrity: sha512-Z87aSjx3r5c0ZB7bcJqIgIRX5bxR7A4aSzvIbaxd0oTkWBCOoKfuGHiKj60CHVUgg1Phm5yMZzBdt8XqRs73Mw==}
    dependencies:
      readable-stream: 2.3.8
    dev: false

  /path-dirname@1.0.2:
    resolution: {integrity: sha512-ALzNPpyNq9AqXMBjeymIjFDAkAFH06mHJH/cSBHAgU0s4vfpBn6b2nf8tiRLvagKD8RbTpq2FKTBg7cl9l3c7Q==}
    dev: false

  /path-is-absolute@1.0.1:
    resolution: {integrity: sha512-AVbw3UJ2e9bq64vSaS9Am0fje1Pa8pbGqTTsmXfaIiMpnr5DlDhfJOuLj9Sf95ZPVDAUerDfEk88MPmPe7UCQg==}
    engines: {node: '>=0.10.0'}
    dev: false

  /process-nextick-args@2.0.1:
    resolution: {integrity: sha512-3ouUOpQhtgrbOa17J7+uxOTpITYWaGP7/AhoR3+A+/1e9skrzelGi/dXzEYyvbxubEF6Wn2ypscTKiKJFFn1ag==}
    dev: false

  /pump@2.0.1:
    resolution: {integrity: sha512-ruPMNRkN3MHP1cWJc9OWr+T/xDP0jhXYCLfJcBuX54hhfIBnaQmAUMfDcG4DM5UMWByBbJY69QSphm3jtDKIkA==}
    dependencies:
      end-of-stream: 1.4.4
      once: 1.4.0
    dev: false

  /pumpify@1.5.1:
    resolution: {integrity: sha512-oClZI37HvuUJJxSKKrC17bZ9Cu0ZYhEAGPsPUy9KlMUmv9dKX2o77RUmq7f3XjIxbwyGwYzbzQ1L2Ks8sIradQ==}
    dependencies:
      duplexify: 3.7.1
      inherits: 2.0.4
      pump: 2.0.1
    dev: false

  /readable-stream@2.3.8:
    resolution: {integrity: sha512-8p0AUk4XODgIewSi0l8Epjs+EVnWiK7NoDIEGU0HhE7+ZyY8D1IMY7odu5lRrFXGg71L15KG8QrPmum45RTtdA==}
    dependencies:
      core-util-is: 1.0.3
      inherits: 2.0.4
      isarray: 1.0.0
      process-nextick-args: 2.0.1
      safe-buffer: 5.1.2
      string_decoder: 1.1.1
      util-deprecate: 1.0.2
    dev: false

  /readable-stream@3.6.2:
    resolution: {integrity: sha512-9u/sniCrY3D5WdsERHzHE4G2YCXqoG5FTHUiCC4SIbr6XcLZBY05ya9EKjYek9O5xOAwjGq+1JdGBAS7Q9ScoA==}
    engines: {node: '>= 6'}
    dependencies:
      inherits: 2.0.4
      string_decoder: 1.3.0
      util-deprecate: 1.0.2
    dev: false

  /reinterval@1.1.0:
    resolution: {integrity: sha512-QIRet3SYrGp0HUHO88jVskiG6seqUGC5iAG7AwI/BV4ypGcuqk9Du6YQBUOUqm9c8pw1eyLoIaONifRua1lsEQ==}
    dev: false

  /remove-trailing-separator@1.1.0:
    resolution: {integrity: sha512-/hS+Y0u3aOfIETiaiirUFwDBDzmXPvO+jAfKTitUngIPzdKc6Z0LoFjM/CK5PL4C+eKwHohlHAb6H0VFfmmUsw==}
    dev: false

  /safe-buffer@5.1.2:
    resolution: {integrity: sha512-Gd2UZBJDkXlY7GbJxfsE8/nvKkUEU1G38c1siN6QP6a9PT9MmHB8GnpscSmMJSoF8LOIrt8ud/wPtojys4G6+g==}
    dev: false

  /safe-buffer@5.2.1:
    resolution: {integrity: sha512-rp3So07KcdmmKbGvgaNxQSJr7bGVSVk5S9Eq1F+ppbRo70+YeaDxkw5Dd8NPN+GD6bjnYm2VuPuCXmpuYvmCXQ==}
    dev: false

  /split2@2.2.0:
    resolution: {integrity: sha512-RAb22TG39LhI31MbreBgIuKiIKhVsawfTgEGqKHTK87aG+ul/PB8Sqoi3I7kVdRWiCfrKxK3uo4/YUkpNvhPbw==}
    dependencies:
      through2: 2.0.5
    dev: false

  /stream-shift@1.0.3:
    resolution: {integrity: sha512-76ORR0DO1o1hlKwTbi/DM3EXWGf3ZJYO8cXX5RJwnul2DEg2oyoZyjLNoQM8WsvZiFKCRfC1O0J7iCvie3RZmQ==}
    dev: false

  /string_decoder@1.1.1:
    resolution: {integrity: sha512-n/ShnvDi6FHbbVfviro+WojiFzv+s8MPMHBczVePfUpDJLwoLT0ht1l4YwBCbi8pJAveEEdnkHyPyTP/mzRfwg==}
    dependencies:
      safe-buffer: 5.1.2
    dev: false

  /string_decoder@1.3.0:
    resolution: {integrity: sha512-hkRX8U1WjJFd8LsDJ2yQ/wWWxaopEsABU1XfkM8A+j0+85JAGppt16cr1Whg6KIbb4okU6Mql6BOj+uup/wKeA==}
    dependencies:
      safe-buffer: 5.2.1
    dev: false

  /through2-filter@3.0.0:
    resolution: {integrity: sha512-jaRjI2WxN3W1V8/FMZ9HKIBXixtiqs3SQSX4/YGIiP3gL6djW48VoZq9tDqeCWs3MT8YY5wb/zli8VW8snY1CA==}
    dependencies:
      through2: 2.0.5
      xtend: 4.0.2
    dev: false

  /through2@2.0.5:
    resolution: {integrity: sha512-/mrRod8xqpA+IHSLyGCQ2s8SPHiCDEeQJSep1jqLYeEUClOFG2Qsh+4FU6G9VeqpZnGW/Su8LQGc4YKni5rYSQ==}
    dependencies:
      readable-stream: 2.3.8
      xtend: 4.0.2
    dev: false

  /to-absolute-glob@2.0.2:
    resolution: {integrity: sha512-rtwLUQEwT8ZeKQbyFJyomBRYXyE16U5VKuy0ftxLMK/PZb2fkOsg5r9kHdauuVDbsNdIBoC/HCthpidamQFXYA==}
    engines: {node: '>=0.10.0'}
    dependencies:
      is-absolute: 1.0.0
      is-negated-glob: 1.0.0
    dev: false

  /typedarray@0.0.6:
    resolution: {integrity: sha512-/aCDEGatGvZ2BIk+HmLf4ifCJFwvKFNb9/JeZPMulfgFracn9QFcAf5GO8B/mweUjSoblS5In0cWhqpfs/5PQA==}
    dev: false

  /ultron@1.1.1:
    resolution: {integrity: sha512-UIEXBNeYmKptWH6z8ZnqTeS8fV74zG0/eRU9VGkpzz+LIJNs8W/zM/L+7ctCkRrgbNnnR0xxw4bKOr0cW0N0Og==}
    dev: false

  /unc-path-regex@0.1.2:
    resolution: {integrity: sha512-eXL4nmJT7oCpkZsHZUOJo8hcX3GbsiDOa0Qu9F646fi8dT3XuSVopVqAcEiVzSKKH7UoDti23wNX3qGFxcW5Qg==}
    engines: {node: '>=0.10.0'}
    dev: false

  /unique-stream@2.3.1:
    resolution: {integrity: sha512-2nY4TnBE70yoxHkDli7DMazpWiP7xMdCYqU2nBRO0UB+ZpEkGsSija7MvmvnZFUeC+mrgiUfcHSr3LmRFIg4+A==}
    dependencies:
      json-stable-stringify-without-jsonify: 1.0.1
      through2-filter: 3.0.0
    dev: false

  /util-deprecate@1.0.2:
    resolution: {integrity: sha512-EPD5q1uXyFxJpCrLnCc1nHnq3gOa6DZBocAIiI2TaSCA7VCJ1UJDMagCzIkXNsUYfD1daK//LTEQ8xiIbrHtcw==}
    dev: false

  /websocket-stream@5.5.2:
    resolution: {integrity: sha512-8z49MKIHbGk3C4HtuHWDtYX8mYej1wWabjthC/RupM9ngeukU4IWoM46dgth1UOS/T4/IqgEdCDJuMe2039OQQ==}
    dependencies:
      duplexify: 3.7.1
      inherits: 2.0.4
      readable-stream: 2.3.8
      safe-buffer: 5.2.1
      ws: 3.3.3
      xtend: 4.0.2
    transitivePeerDependencies:
      - bufferutil
      - utf-8-validate
    dev: false

  /wrappy@1.0.2:
    resolution: {integrity: sha512-l4Sp/DRseor9wL6EvV2+TuQn63dMkPjZ/sp9XkghTEbV9KlPS1xUsZ3u7/IQO4wxtcFB4bgpQPRcR3QCvezPcQ==}
    dev: false

  /ws@3.3.3:
    resolution: {integrity: sha512-nnWLa/NwZSt4KQJu51MYlCcSQ5g7INpOrOMt4XV8j4dqTXdmlUmSHQ8/oLC069ckre0fRsgfvsKwbTdtKLCDkA==}
    peerDependencies:
      bufferutil: ^4.0.1
      utf-8-validate: ^5.0.2
    peerDependenciesMeta:
      bufferutil:
        optional: true
      utf-8-validate:
        optional: true
    dependencies:
      async-limiter: 1.0.1
      safe-buffer: 5.1.2
      ultron: 1.1.1
    dev: false

  /xtend@4.0.2:
    resolution: {integrity: sha512-LKYU1iAXJXUgAXn9URjiu+MWhyUXHsvfp7mcuYm9dSUKK0/CjtrUwFAxD82/mCWbtLsGjFIad0wIsod4zrTAEQ==}
    engines: {node: '>=0.4'}
    dev: false
